
Microsoft Visual Studio Solution File, Format Version 12.00
# Visual Studio Version 17
VisualStudioVersion = 17.3.32929.385
MinimumVisualStudioVersion = 10.0.40219.1
Project("{FAE04EC0-301F-11D3-BF4B-00C04F79EFBC}") = "Uebung06_2", "Uebung06_2\Uebung06_2.csproj", "{8A2D6399-EB5E-4EBB-8A9F-F315DEB2C26E}"
EndProject
Global
	GlobalSection(SolutionConfigurationPlatforms) = preSolution
		Debug|Any CPU = Debug|Any CPU
		Release|Any CPU = Release|Any CPU
	EndGlobalSection
	GlobalSection(ProjectConfigurationPlatforms) = postSolution
		{8A2D6399-EB5E-4EBB-8A9F-F315DEB2C26E}.Debug|Any CPU.ActiveCfg = Debug|Any CPU
		{8A2D6399-EB5E-4EBB-8A9F-F315DEB2C26E}.Debug|Any CPU.Build.0 = Debug|Any CPU
		{8A2D6399-EB5E-4EBB-8A9F-F315DEB2C26E}.Release|Any CPU.ActiveCfg = Release|Any CPU
		{8A2D6399-EB5E-4EBB-8A9F-F315DEB2C26E}.Release|Any CPU.Build.0 = Release|Any CPU
	EndGlobalSection
	GlobalSection(SolutionProperties) = preSolution
		HideSolutionNode = FALSE
	EndGlobalSection
	GlobalSection(ExtensibilityGlobals) = postSolution
		SolutionGuid = {39BD19BB-35BC-41EE-A7F6-FD5B9DA537FF}
	EndGlobalSection
EndGlobal
