
Microsoft Visual Studio Solution File, Format Version 12.00
# Visual Studio Version 17
VisualStudioVersion = 17.3.32929.385
MinimumVisualStudioVersion = 10.0.40219.1
Project("{FAE04EC0-301F-11D3-BF4B-00C04F79EFBC}") = "Uebung03", "Uebung03\Uebung03.csproj", "{EBC9E773-D78E-4205-AD08-654358657A84}"
EndProject
Global
	GlobalSection(SolutionConfigurationPlatforms) = preSolution
		Debug|Any CPU = Debug|Any CPU
		Release|Any CPU = Release|Any CPU
	EndGlobalSection
	GlobalSection(ProjectConfigurationPlatforms) = postSolution
		{EBC9E773-D78E-4205-AD08-654358657A84}.Debug|Any CPU.ActiveCfg = Debug|Any CPU
		{EBC9E773-D78E-4205-AD08-654358657A84}.Debug|Any CPU.Build.0 = Debug|Any CPU
		{EBC9E773-D78E-4205-AD08-654358657A84}.Release|Any CPU.ActiveCfg = Release|Any CPU
		{EBC9E773-D78E-4205-AD08-654358657A84}.Release|Any CPU.Build.0 = Release|Any CPU
	EndGlobalSection
	GlobalSection(SolutionProperties) = preSolution
		HideSolutionNode = FALSE
	EndGlobalSection
	GlobalSection(ExtensibilityGlobals) = postSolution
		SolutionGuid = {3B6C321B-70BF-405C-964C-CE38CF96BFE3}
	EndGlobalSection
EndGlobal
